<Solution>
  <Folder Name="/src/">
    <Project Path="InvenrotyApp.Domain/InventoryApp.Domain.csproj" Id="45262d61-58fb-4e16-b07b-0e64fdca183c" />
    <Project Path="InventoryApp.Api/InventoryApp.Api.csproj" />
    <Project Path="InventoryApp.Application/InventoryApp.Application.csproj" Id="0ea127dc-dba2-4e0b-8233-74b4068bac39" />
    <Project Path="InventoryApp.Infrastucture/InventoryApp.Infrastructure.csproj" Id="a215912f-6f6e-4e35-b11c-2ddda6471db0" />
  </Folder>
</Solution>
