<Solution>
  <Folder Name="/src/">
    <Project Path="InventoryApp.Domain/InventoryApp.Domain.csproj" Id="14fcfc2b-e0f3-4c56-b04d-a477f7d2bd0c" />
    <Project Path="InventoryApp.Api/InventoryApp.Api.csproj" />
    <Project Path="InventoryApp.Application/InventoryApp.Application.csproj" Id="0ea127dc-dba2-4e0b-8233-74b4068bac39" />
    <Project Path="InventoryApp.Infrastructure/InventoryApp.Infrastructure.csproj" Id="7d75b869-d5c2-42e7-929b-59568a530d3e" />
  </Folder>
</Solution>
